
Microsoft Visual Studio Solution File, Format Version 12.00
# Visual Studio Version 16
VisualStudioVersion = 16.0.31129.286
MinimumVisualStudioVersion = 10.0.40219.1
Project("{9A19103F-16F7-4668-BE54-9A1E7A4F7556}") = "Base64EncoderDecoderCore", "Base64EncoderDecoder.Core\Base64EncoderDecoderCore.csproj", "{60BD989E-E98D-4807-9EB9-C7A0E50E7E25}"
EndProject
Project("{9A19103F-16F7-4668-BE54-9A1E7A4F7556}") = "Base64EncoderDecoderWpf", "Base64EncoderDecoder.Wpf\Base64EncoderDecoderWpf.csproj", "{F987930C-B770-482F-BBF5-AD1B380F0DFA}"
	ProjectSection(ProjectDependencies) = postProject
		{60BD989E-E98D-4807-9EB9-C7A0E50E7E25} = {60BD989E-E98D-4807-9EB9-C7A0E50E7E25}
	EndProjectSection
EndProject
Global
	GlobalSection(SolutionConfigurationPlatforms) = preSolution
		Debug|Any CPU = Debug|Any CPU
		Release|Any CPU = Release|Any CPU
	EndGlobalSection
	GlobalSection(ProjectConfigurationPlatforms) = postSolution
		{60BD989E-E98D-4807-9EB9-C7A0E50E7E25}.Debug|Any CPU.ActiveCfg = Debug|Any CPU
		{60BD989E-E98D-4807-9EB9-C7A0E50E7E25}.Debug|Any CPU.Build.0 = Debug|Any CPU
		{60BD989E-E98D-4807-9EB9-C7A0E50E7E25}.Release|Any CPU.ActiveCfg = Release|Any CPU
		{60BD989E-E98D-4807-9EB9-C7A0E50E7E25}.Release|Any CPU.Build.0 = Release|Any CPU
		{F987930C-B770-482F-BBF5-AD1B380F0DFA}.Debug|Any CPU.ActiveCfg = Debug|Any CPU
		{F987930C-B770-482F-BBF5-AD1B380F0DFA}.Debug|Any CPU.Build.0 = Debug|Any CPU
		{F987930C-B770-482F-BBF5-AD1B380F0DFA}.Release|Any CPU.ActiveCfg = Release|Any CPU
		{F987930C-B770-482F-BBF5-AD1B380F0DFA}.Release|Any CPU.Build.0 = Release|Any CPU
	EndGlobalSection
	GlobalSection(SolutionProperties) = preSolution
		HideSolutionNode = FALSE
	EndGlobalSection
	GlobalSection(ExtensibilityGlobals) = postSolution
		SolutionGuid = {B43627E0-D045-42DD-B6EE-B2FD8F640A31}
	EndGlobalSection
EndGlobal
